
Microsoft Visual Studio Solution File, Format Version 12.00
# Visual Studio Version 16
VisualStudioVersion = 16.0.31019.35
MinimumVisualStudioVersion = 10.0.40219.1
Project("{FAE04EC0-301F-11D3-BF4B-00C04F79EFBC}") = "AFIRegistration", "AFIRegistration\AFIRegistration.csproj", "{BF93170D-504E-4483-B203-D28BAE0ACED6}"
EndProject
Global
	GlobalSection(SolutionConfigurationPlatforms) = preSolution
		Debug|Any CPU = Debug|Any CPU
		Release|Any CPU = Release|Any CPU
	EndGlobalSection
	GlobalSection(ProjectConfigurationPlatforms) = postSolution
		{BF93170D-504E-4483-B203-D28BAE0ACED6}.Debug|Any CPU.ActiveCfg = Debug|Any CPU
		{BF93170D-504E-4483-B203-D28BAE0ACED6}.Debug|Any CPU.Build.0 = Debug|Any CPU
		{BF93170D-504E-4483-B203-D28BAE0ACED6}.Release|Any CPU.ActiveCfg = Release|Any CPU
		{BF93170D-504E-4483-B203-D28BAE0ACED6}.Release|Any CPU.Build.0 = Release|Any CPU
	EndGlobalSection
	GlobalSection(SolutionProperties) = preSolution
		HideSolutionNode = FALSE
	EndGlobalSection
	GlobalSection(ExtensibilityGlobals) = postSolution
		SolutionGuid = {DAD7D854-6D8B-4FB3-B009-AB4474BBE704}
	EndGlobalSection
EndGlobal
